// !$*UTF8*$!
{
	archiveVersion = 1;
	classes = {
	};
	objectVersion = 46;
	objects = {

/* Begin PBXBuildFile section */
		6D21C4931E014C2800124DCF /* main.c in Sources */ = {isa = PBXBuildFile; fileRef = 6D21C4921E014C2800124DCF /* main.c */; };
		6D21C49C1E014C9900124DCF /* qi_define_linerlist.c in Sources */ = {isa = PBXBuildFile; fileRef = 6D21C49A1E014C9900124DCF /* qi_define_linerlist.c */; };
/* End PBXBuildFile section */

/* Begin PBXCopyFilesBuildPhase section */
		6D21C48D1E014C2800124DCF /* CopyFiles */ = {
			isa = PBXCopyFilesBuildPhase;
			buildActionMask = 2147483647;
			dstPath = /usr/share/man/man1/;
			dstSubfolderSpec = 0;
			files = (
			);
			runOnlyForDeploymentPostprocessing = 1;
		};
/* End PBXCopyFilesBuildPhase section */

/* Begin PBXFileReference section */
		6D21C48F1E014C2800124DCF /* DataStructureStudy */ = {isa = PBXFileReference; explicitFileType = "compiled.mach-o.executable"; includeInIndex = 0; path = DataStructureStudy; sourceTree = BUILT_PRODUCTS_DIR; };
		6D21C4921E014C2800124DCF /* main.c */ = {isa = PBXFileReference; lastKnownFileType = sourcecode.c.c; path = main.c; sourceTree = "<group>"; };
		6D21C49A1E014C9900124DCF /* qi_define_linerlist.c */ = {isa = PBXFileReference; fileEncoding = 4; lastKnownFileType = sourcecode.c.c; path = qi_define_linerlist.c; sourceTree = "<group>"; };
		6D21C49B1E014C9900124DCF /* qi_define_linerlist.h */ = {isa = PBXFileReference; fileEncoding = 4; lastKnownFileType = sourcecode.c.h; path = qi_define_linerlist.h; sourceTree = "<group>"; };
/* End PBXFileReference section */

/* Begin PBXFrameworksBuildPhase section */
		6D21C48C1E014C2800124DCF /* Frameworks */ = {
			isa = PBXFrameworksBuildPhase;
			buildActionMask = 2147483647;
			files = (
			);
			runOnlyForDeploymentPostprocessing = 0;
		};
/* End PBXFrameworksBuildPhase section */

/* Begin PBXGroup section */
		6D21C4861E014C2800124DCF = {
			isa = PBXGroup;
			children = (
				6D21C4911E014C2800124DCF /* DataStructureStudy */,
				6D21C4901E014C2800124DCF /* Products */,
			);
			sourceTree = "<group>";
		};
		6D21C4901E014C2800124DCF /* Products */ = {
			isa = PBXGroup;
			children = (
				6D21C48F1E014C2800124DCF /* DataStructureStudy */,
			);
			name = Products;
			sourceTree = "<group>";
		};
		6D21C4911E014C2800124DCF /* DataStructureStudy */ = {
			isa = PBXGroup;
			children = (
				6D21C4991E014C6A00124DCF /* seqlist */,
				6D21C4921E014C2800124DCF /* main.c */,
			);
			path = DataStructureStudy;
			sourceTree = "<group>";
		};
		6D21C4991E014C6A00124DCF /* seqlist */ = {
			isa = PBXGroup;
			children = (
				6D21C49A1E014C9900124DCF /* qi_define_linerlist.c */,
				6D21C49B1E014C9900124DCF /* qi_define_linerlist.h */,
			);
			path = seqlist;
			sourceTree = "<group>";
		};
/* End PBXGroup section */

/* Begin PBXNativeTarget section */
		6D21C48E1E014C2800124DCF /* DataStructureStudy */ = {
			isa = PBXNativeTarget;
			buildConfigurationList = 6D21C4961E014C2800124DCF /* Build configuration list for PBXNativeTarget "DataStructureStudy" */;
			buildPhases = (
				6D21C48B1E014C2800124DCF /* Sources */,
				6D21C48C1E014C2800124DCF /* Frameworks */,
				6D21C48D1E014C2800124DCF /* CopyFiles */,
			);
			buildRules = (
			);
			dependencies = (
			);
			name = DataStructureStudy;
			productName = DataStructureStudy;
			productReference = 6D21C48F1E014C2800124DCF /* DataStructureStudy */;
			productType = "com.apple.product-type.tool";
		};
/* End PBXNativeTarget section */

/* Begin PBXProject section */
		6D21C4871E014C2800124DCF /* Project object */ = {
			isa = PBXProject;
			attributes = {
				LastUpgradeCheck = 0810;
				ORGANIZATIONNAME = MaxwellQi;
				TargetAttributes = {
					6D21C48E1E014C2800124DCF = {
						CreatedOnToolsVersion = 8.1;
						DevelopmentTeam = YDEVQQ22JR;
						ProvisioningStyle = Automatic;
					};
				};
			};
			buildConfigurationList = 6D21C48A1E014C2800124DCF /* Build configuration list for PBXProject "DataStructureStudy" */;
			compatibilityVersion = "Xcode 3.2";
			developmentRegion = English;
			hasScannedForEncodings = 0;
			knownRegions = (
				en,
			);
			mainGroup = 6D21C4861E014C2800124DCF;
			productRefGroup = 6D21C4901E014C2800124DCF /* Products */;
			projectDirPath = "";
			projectRoot = "";
			targets = (
				6D21C48E1E014C2800124DCF /* DataStructureStudy */,
			);
		};
/* End PBXProject section */

/* Begin PBXSourcesBuildPhase section */
		6D21C48B1E014C2800124DCF /* Sources */ = {
			isa = PBXSourcesBuildPhase;
			buildActionMask = 2147483647;
			files = (
				6D21C4931E014C2800124DCF /* main.c in Sources */,
				6D21C49C1E014C9900124DCF /* qi_define_linerlist.c in Sources */,
			);
			runOnlyForDeploymentPostprocessing = 0;
		};
/* End PBXSourcesBuildPhase section */

/* Begin XCBuildConfiguration section */
		6D21C4941E014C2800124DCF /* Debug */ = {
			isa = XCBuildConfiguration;
			buildSettings = {
				ALWAYS_SEARCH_USER_PATHS = NO;
				CLANG_ANALYZER_NONNULL = YES;
				CLANG_CXX_LANGUAGE_STANDARD = "gnu++0x";
				CLANG_CXX_LIBRARY = "libc++";
				CLANG_ENABLE_MODULES = YES;
				CLANG_ENABLE_OBJC_ARC = YES;
				CLANG_WARN_BOOL_CONVERSION = YES;
				CLANG_WARN_CONSTANT_CONVERSION = YES;
				CLANG_WARN_DIRECT_OBJC_ISA_USAGE = YES_ERROR;
				CLANG_WARN_DOCUMENTATION_COMMENTS = YES;
				CLANG_WARN_EMPTY_BODY = YES;
				CLANG_WARN_ENUM_CONVERSION = YES;
				CLANG_WARN_INFINITE_RECURSION = YES;
				CLANG_WARN_INT_CONVERSION = YES;
				CLANG_WARN_OBJC_ROOT_CLASS = YES_ERROR;
				CLANG_WARN_SUSPICIOUS_MOVES = YES;
				CLANG_WARN_UNREACHABLE_CODE = YES;
				CLANG_WARN__DUPLICATE_METHOD_MATCH = YES;
				CODE_SIGN_IDENTITY = "-";
				COPY_PHASE_STRIP = NO;
				DEBUG_INFORMATION_FORMAT = dwarf;
				ENABLE_STRICT_OBJC_MSGSEND = YES;
				ENABLE_TESTABILITY = YES;
				GCC_C_LANGUAGE_STANDARD = gnu99;
				GCC_DYNAMIC_NO_PIC = NO;
				GCC_NO_COMMON_BLOCKS = YES;
				GCC_OPTIMIZATION_LEVEL = 0;
				GCC_PREPROCESSOR_DEFINITIONS = (
					"DEBUG=1",
					"$(inherited)",
				);
				GCC_WARN_64_TO_32_BIT_CONVERSION = YES;
				GCC_WARN_ABOUT_RETURN_TYPE = YES_ERROR;
				GCC_WARN_UNDECLARED_SELECTOR = YES;
				GCC_WARN_UNINITIALIZED_AUTOS = YES_AGGRESSIVE;
				GCC_WARN_UNUSED_FUNCTION = YES;
				GCC_WARN_UNUSED_VARIABLE = YES;
				MACOSX_DEPLOYMENT_TARGET = 10.11;
				MTL_ENABLE_DEBUG_INFO = YES;
				ONLY_ACTIVE_ARCH = YES;
				SDKROOT = macosx;
			};
			name = Debug;
		};
		6D21C4951E014C2800124DCF /* Release */ = {
			isa = XCBuildConfiguration;
			buildSettings = {
				ALWAYS_SEARCH_USER_PATHS = NO;
				CLANG_ANALYZER_NONNULL = YES;
				CLANG_CXX_LANGUAGE_STANDARD = "gnu++0x";
				CLANG_CXX_LIBRARY = "libc++";
				CLANG_ENABLE_MODULES = YES;
				CLANG_ENABLE_OBJC_ARC = YES;
				CLANG_WARN_BOOL_CONVERSION = YES;
				CLANG_WARN_CONSTANT_CONVERSION = YES;
				CLANG_WARN_DIRECT_OBJC_ISA_USAGE = YES_ERROR;
				CLANG_WARN_DOCUMENTATION_COMMENTS = YES;
				CLANG_WARN_EMPTY_BODY = YES;
				CLANG_WARN_ENUM_CONVERSION = YES;
				CLANG_WARN_INFINITE_RECURSION = YES;
				CLANG_WARN_INT_CONVERSION = YES;
				CLANG_WARN_OBJC_ROOT_CLASS = YES_ERROR;
				CLANG_WARN_SUSPICIOUS_MOVES = YES;
				CLANG_WARN_UNREACHABLE_CODE = YES;
				CLANG_WARN__DUPLICATE_METHOD_MATCH = YES;
				CODE_SIGN_IDENTITY = "-";
				COPY_PHASE_STRIP = NO;
				DEBUG_INFORMATION_FORMAT = "dwarf-with-dsym";
				ENABLE_NS_ASSERTIONS = NO;
				ENABLE_STRICT_OBJC_MSGSEND = YES;
				GCC_C_LANGUAGE_STANDARD = gnu99;
				GCC_NO_COMMON_BLOCKS = YES;
				GCC_WARN_64_TO_32_BIT_CONVERSION = YES;
				GCC_WARN_ABOUT_RETURN_TYPE = YES_ERROR;
				GCC_WARN_UNDECLARED_SELECTOR = YES;
				GCC_WARN_UNINITIALIZED_AUTOS = YES_AGGRESSIVE;
				GCC_WARN_UNUSED_FUNCTION = YES;
				GCC_WARN_UNUSED_VARIABLE = YES;
				MACOSX_DEPLOYMENT_TARGET = 10.11;
				MTL_ENABLE_DEBUG_INFO = NO;
				SDKROOT = macosx;
			};
			name = Release;
		};
		6D21C4971E014C2800124DCF /* Debug */ = {
			isa = XCBuildConfiguration;
			buildSettings = {
				DEVELOPMENT_TEAM = YDEVQQ22JR;
				PRODUCT_NAME = "$(TARGET_NAME)";
			};
			name = Debug;
		};
		6D21C4981E014C2800124DCF /* Release */ = {
			isa = XCBuildConfiguration;
			buildSettings = {
				DEVELOPMENT_TEAM = YDEVQQ22JR;
				PRODUCT_NAME = "$(TARGET_NAME)";
			};
			name = Release;
		};
/* End XCBuildConfiguration section */

/* Begin XCConfigurationList section */
		6D21C48A1E014C2800124DCF /* Build configuration list for PBXProject "DataStructureStudy" */ = {
			isa = XCConfigurationList;
			buildConfigurations = (
				6D21C4941E014C2800124DCF /* Debug */,
				6D21C4951E014C2800124DCF /* Release */,
			);
			defaultConfigurationIsVisible = 0;
			defaultConfigurationName = Release;
		};
		6D21C4961E014C2800124DCF /* Build configuration list for PBXNativeTarget "DataStructureStudy" */ = {
			isa = XCConfigurationList;
			buildConfigurations = (
				6D21C4971E014C2800124DCF /* Debug */,
				6D21C4981E014C2800124DCF /* Release */,
			);
			defaultConfigurationIsVisible = 0;
		};
/* End XCConfigurationList section */
	};
	rootObject = 6D21C4871E014C2800124DCF /* Project object */;
}
